
Microsoft Visual Studio Solution File, Format Version 12.00
# Visual Studio Version 16
VisualStudioVersion = 16.0.30804.86
MinimumVisualStudioVersion = 10.0.40219.1
Project("{FAE04EC0-301F-11D3-BF4B-00C04F79EFBC}") = "MyDictionary", "MyDictionary\MyDictionary.csproj", "{AAD88EFA-6ECF-42E8-9159-2029AF6649AD}"
EndProject
Global
	GlobalSection(SolutionConfigurationPlatforms) = preSolution
		Debug|Any CPU = Debug|Any CPU
		Release|Any CPU = Release|Any CPU
	EndGlobalSection
	GlobalSection(ProjectConfigurationPlatforms) = postSolution
		{AAD88EFA-6ECF-42E8-9159-2029AF6649AD}.Debug|Any CPU.ActiveCfg = Debug|Any CPU
		{AAD88EFA-6ECF-42E8-9159-2029AF6649AD}.Debug|Any CPU.Build.0 = Debug|Any CPU
		{AAD88EFA-6ECF-42E8-9159-2029AF6649AD}.Release|Any CPU.ActiveCfg = Release|Any CPU
		{AAD88EFA-6ECF-42E8-9159-2029AF6649AD}.Release|Any CPU.Build.0 = Release|Any CPU
	EndGlobalSection
	GlobalSection(SolutionProperties) = preSolution
		HideSolutionNode = FALSE
	EndGlobalSection
	GlobalSection(ExtensibilityGlobals) = postSolution
		SolutionGuid = {FBC03F1C-27BD-41F0-A61B-533EF50BCBAA}
	EndGlobalSection
EndGlobal
